<?xml version="1.0" encoding="UTF-8" standalone="yes" ?>
<CodeBlocks_project_file>
	<FileVersion major="1" minor="6" />
	<Project>
		<Option title="A8_Aplikacja_budzetowa_1" />
		<Option pch_mode="2" />
		<Option compiler="gcc" />
		<Build>
			<Target title="Debug">
				<Option output="bin/Debug/A8_Aplikacja_budzetowa_1" prefix_auto="1" extension_auto="1" />
				<Option object_output="obj/Debug/" />
				<Option type="1" />
				<Option compiler="gcc" />
				<Compiler>
					<Add option="-g" />
				</Compiler>
			</Target>
			<Target title="Release">
				<Option output="bin/Release/A8_Aplikacja_budzetowa_1" prefix_auto="1" extension_auto="1" />
				<Option object_output="obj/Release/" />
				<Option type="1" />
				<Option compiler="gcc" />
				<Compiler>
					<Add option="-O2" />
				</Compiler>
				<Linker>
					<Add option="-s" />
				</Linker>
			</Target>
		</Build>
		<Compiler>
			<Add option="-Wall" />
			<Add option="-fexceptions" />
		</Compiler>
		<Unit filename="ApplicationManager.cpp" />
		<Unit filename="ApplicationManager.h" />
		<Unit filename="DateManager.cpp" />
		<Unit filename="DateManager.h" />
		<Unit filename="Expense.cpp" />
		<Unit filename="Expense.h" />
		<Unit filename="ExpenseFile.cpp" />
		<Unit filename="ExpenseFilee.h" />
		<Unit filename="FileWithUsers.cpp" />
		<Unit filename="FileWithUsers.h" />
		<Unit filename="Income.cpp" />
		<Unit filename="Income.h" />
		<Unit filename="Markup.cpp" />
		<Unit filename="Markup.h" />
		<Unit filename="SupportiveMethods.cpp" />
		<Unit filename="SupportiveMethods.h" />
		<Unit filename="Transaction.cpp" />
		<Unit filename="Transaction.h" />
		<Unit filename="TransactionFile.cpp" />
		<Unit filename="TransactionFile.h" />
		<Unit filename="TransactionManager.cpp" />
		<Unit filename="TransactionManager.h" />
		<Unit filename="User.cpp" />
		<Unit filename="User.h" />
		<Unit filename="UserManager.cpp" />
		<Unit filename="UserManager.h" />
		<Unit filename="XmlFile.cpp" />
		<Unit filename="XmlFile.h" />
		<Unit filename="main.cpp" />
		<Extensions />
	</Project>
</CodeBlocks_project_file>
